
Microsoft Visual Studio Solution File, Format Version 12.00
# Visual Studio Express 2013 for Windows Desktop
VisualStudioVersion = 12.0.40629.0
MinimumVisualStudioVersion = 10.0.40219.1
Project("{F184B08F-C81C-45F6-A57F-5ABD9991F28F}") = "pgnToScores", "pgnToScores\pgnToScores.vbproj", "{EF637E61-DF34-4584-9BE4-290DBB312960}"
EndProject
Global
	GlobalSection(SolutionConfigurationPlatforms) = preSolution
		Debug|Any CPU = Debug|Any CPU
		Release|Any CPU = Release|Any CPU
	EndGlobalSection
	GlobalSection(ProjectConfigurationPlatforms) = postSolution
		{EF637E61-DF34-4584-9BE4-290DBB312960}.Debug|Any CPU.ActiveCfg = Debug|Any CPU
		{EF637E61-DF34-4584-9BE4-290DBB312960}.Debug|Any CPU.Build.0 = Debug|Any CPU
		{EF637E61-DF34-4584-9BE4-290DBB312960}.Release|Any CPU.ActiveCfg = Release|Any CPU
		{EF637E61-DF34-4584-9BE4-290DBB312960}.Release|Any CPU.Build.0 = Release|Any CPU
	EndGlobalSection
	GlobalSection(SolutionProperties) = preSolution
		HideSolutionNode = FALSE
	EndGlobalSection
EndGlobal
